
Microsoft Visual Studio Solution File, Format Version 12.00
# Visual Studio 14
VisualStudioVersion = 14.0.25420.1
MinimumVisualStudioVersion = 10.0.40219.1
Project("{8BC9CEB8-8B4A-11D0-8D11-00A0C91BC942}") = "libkmer", "libkmer\libkmer.vcxproj", "{59E18B69-DF81-46F7-B0E8-EF6301CB5A5C}"
EndProject
Project("{8BC9CEB8-8B4A-11D0-8D11-00A0C91BC942}") = "gassm2", "gassm2\gassm2.vcxproj", "{4CF6E8CD-03CF-4F1C-A3F0-69E2D818CC8D}"
	ProjectSection(ProjectDependencies) = postProject
		{59E18B69-DF81-46F7-B0E8-EF6301CB5A5C} = {59E18B69-DF81-46F7-B0E8-EF6301CB5A5C}
		{4658E774-D7FA-43E6-B02B-6DE76278A91B} = {4658E774-D7FA-43E6-B02B-6DE76278A91B}
	EndProjectSection
EndProject
Project("{8BC9CEB8-8B4A-11D0-8D11-00A0C91BC942}") = "vcfcmp", "vcfcmp\vcfcmp.vcxproj", "{B5D8F7B7-5896-4EFF-A78E-1CB6ECB5729B}"
EndProject
Project("{8BC9CEB8-8B4A-11D0-8D11-00A0C91BC942}") = "rcorrect", "rcorrect\rcorrect.vcxproj", "{D36C296D-A282-408F-BF41-FB6A13E7494D}"
EndProject
Project("{8BC9CEB8-8B4A-11D0-8D11-00A0C91BC942}") = "vcffix", "vcffix\vcffix.vcxproj", "{854837E5-A1D4-4FFB-B565-057AD577E571}"
EndProject
Project("{8BC9CEB8-8B4A-11D0-8D11-00A0C91BC942}") = "librcorrect", "librcorrect\librcorrect.vcxproj", "{4658E774-D7FA-43E6-B02B-6DE76278A91B}"
EndProject
Project("{8BC9CEB8-8B4A-11D0-8D11-00A0C91BC942}") = "ssw", "ssw\ssw.vcxproj", "{4D6DBA65-5CDC-4D3D-866B-9EA407710B1F}"
EndProject
Global
	GlobalSection(SolutionConfigurationPlatforms) = preSolution
		Debug|Mixed Platforms = Debug|Mixed Platforms
		Debug|Win32 = Debug|Win32
		Debug|x64 = Debug|x64
		Release|Mixed Platforms = Release|Mixed Platforms
		Release|Win32 = Release|Win32
		Release|x64 = Release|x64
	EndGlobalSection
	GlobalSection(ProjectConfigurationPlatforms) = postSolution
		{59E18B69-DF81-46F7-B0E8-EF6301CB5A5C}.Debug|Mixed Platforms.ActiveCfg = Debug|Win32
		{59E18B69-DF81-46F7-B0E8-EF6301CB5A5C}.Debug|Mixed Platforms.Build.0 = Debug|Win32
		{59E18B69-DF81-46F7-B0E8-EF6301CB5A5C}.Debug|Mixed Platforms.Deploy.0 = Debug|Win32
		{59E18B69-DF81-46F7-B0E8-EF6301CB5A5C}.Debug|Win32.ActiveCfg = Debug|Win32
		{59E18B69-DF81-46F7-B0E8-EF6301CB5A5C}.Debug|Win32.Build.0 = Debug|Win32
		{59E18B69-DF81-46F7-B0E8-EF6301CB5A5C}.Debug|x64.ActiveCfg = Debug|x64
		{59E18B69-DF81-46F7-B0E8-EF6301CB5A5C}.Debug|x64.Build.0 = Debug|x64
		{59E18B69-DF81-46F7-B0E8-EF6301CB5A5C}.Release|Mixed Platforms.ActiveCfg = Release|Win32
		{59E18B69-DF81-46F7-B0E8-EF6301CB5A5C}.Release|Mixed Platforms.Build.0 = Release|Win32
		{59E18B69-DF81-46F7-B0E8-EF6301CB5A5C}.Release|Mixed Platforms.Deploy.0 = Release|Win32
		{59E18B69-DF81-46F7-B0E8-EF6301CB5A5C}.Release|Win32.ActiveCfg = Release|Win32
		{59E18B69-DF81-46F7-B0E8-EF6301CB5A5C}.Release|Win32.Build.0 = Release|Win32
		{59E18B69-DF81-46F7-B0E8-EF6301CB5A5C}.Release|x64.ActiveCfg = Release|x64
		{59E18B69-DF81-46F7-B0E8-EF6301CB5A5C}.Release|x64.Build.0 = Release|x64
		{4CF6E8CD-03CF-4F1C-A3F0-69E2D818CC8D}.Debug|Mixed Platforms.ActiveCfg = Debug|Win32
		{4CF6E8CD-03CF-4F1C-A3F0-69E2D818CC8D}.Debug|Mixed Platforms.Build.0 = Debug|Win32
		{4CF6E8CD-03CF-4F1C-A3F0-69E2D818CC8D}.Debug|Mixed Platforms.Deploy.0 = Debug|Win32
		{4CF6E8CD-03CF-4F1C-A3F0-69E2D818CC8D}.Debug|Win32.ActiveCfg = Debug|Win32
		{4CF6E8CD-03CF-4F1C-A3F0-69E2D818CC8D}.Debug|Win32.Build.0 = Debug|Win32
		{4CF6E8CD-03CF-4F1C-A3F0-69E2D818CC8D}.Debug|x64.ActiveCfg = Debug|x64
		{4CF6E8CD-03CF-4F1C-A3F0-69E2D818CC8D}.Debug|x64.Build.0 = Debug|x64
		{4CF6E8CD-03CF-4F1C-A3F0-69E2D818CC8D}.Release|Mixed Platforms.ActiveCfg = Release|Win32
		{4CF6E8CD-03CF-4F1C-A3F0-69E2D818CC8D}.Release|Mixed Platforms.Build.0 = Release|Win32
		{4CF6E8CD-03CF-4F1C-A3F0-69E2D818CC8D}.Release|Mixed Platforms.Deploy.0 = Release|Win32
		{4CF6E8CD-03CF-4F1C-A3F0-69E2D818CC8D}.Release|Win32.ActiveCfg = Release|Win32
		{4CF6E8CD-03CF-4F1C-A3F0-69E2D818CC8D}.Release|Win32.Build.0 = Release|Win32
		{4CF6E8CD-03CF-4F1C-A3F0-69E2D818CC8D}.Release|x64.ActiveCfg = Release|x64
		{4CF6E8CD-03CF-4F1C-A3F0-69E2D818CC8D}.Release|x64.Build.0 = Release|x64
		{B5D8F7B7-5896-4EFF-A78E-1CB6ECB5729B}.Debug|Mixed Platforms.ActiveCfg = Debug|Win32
		{B5D8F7B7-5896-4EFF-A78E-1CB6ECB5729B}.Debug|Mixed Platforms.Build.0 = Debug|Win32
		{B5D8F7B7-5896-4EFF-A78E-1CB6ECB5729B}.Debug|Mixed Platforms.Deploy.0 = Debug|Win32
		{B5D8F7B7-5896-4EFF-A78E-1CB6ECB5729B}.Debug|Win32.ActiveCfg = Debug|Win32
		{B5D8F7B7-5896-4EFF-A78E-1CB6ECB5729B}.Debug|Win32.Build.0 = Debug|Win32
		{B5D8F7B7-5896-4EFF-A78E-1CB6ECB5729B}.Debug|x64.ActiveCfg = Debug|x64
		{B5D8F7B7-5896-4EFF-A78E-1CB6ECB5729B}.Debug|x64.Build.0 = Debug|x64
		{B5D8F7B7-5896-4EFF-A78E-1CB6ECB5729B}.Release|Mixed Platforms.ActiveCfg = Release|Win32
		{B5D8F7B7-5896-4EFF-A78E-1CB6ECB5729B}.Release|Mixed Platforms.Build.0 = Release|Win32
		{B5D8F7B7-5896-4EFF-A78E-1CB6ECB5729B}.Release|Mixed Platforms.Deploy.0 = Release|Win32
		{B5D8F7B7-5896-4EFF-A78E-1CB6ECB5729B}.Release|Win32.ActiveCfg = Release|Win32
		{B5D8F7B7-5896-4EFF-A78E-1CB6ECB5729B}.Release|Win32.Build.0 = Release|Win32
		{B5D8F7B7-5896-4EFF-A78E-1CB6ECB5729B}.Release|x64.ActiveCfg = Release|x64
		{B5D8F7B7-5896-4EFF-A78E-1CB6ECB5729B}.Release|x64.Build.0 = Release|x64
		{D36C296D-A282-408F-BF41-FB6A13E7494D}.Debug|Mixed Platforms.ActiveCfg = Debug|Win32
		{D36C296D-A282-408F-BF41-FB6A13E7494D}.Debug|Mixed Platforms.Build.0 = Debug|Win32
		{D36C296D-A282-408F-BF41-FB6A13E7494D}.Debug|Mixed Platforms.Deploy.0 = Debug|Win32
		{D36C296D-A282-408F-BF41-FB6A13E7494D}.Debug|Win32.ActiveCfg = Debug|Win32
		{D36C296D-A282-408F-BF41-FB6A13E7494D}.Debug|Win32.Build.0 = Debug|Win32
		{D36C296D-A282-408F-BF41-FB6A13E7494D}.Debug|x64.ActiveCfg = Debug|x64
		{D36C296D-A282-408F-BF41-FB6A13E7494D}.Debug|x64.Build.0 = Debug|x64
		{D36C296D-A282-408F-BF41-FB6A13E7494D}.Release|Mixed Platforms.ActiveCfg = Release|Win32
		{D36C296D-A282-408F-BF41-FB6A13E7494D}.Release|Mixed Platforms.Build.0 = Release|Win32
		{D36C296D-A282-408F-BF41-FB6A13E7494D}.Release|Mixed Platforms.Deploy.0 = Release|Win32
		{D36C296D-A282-408F-BF41-FB6A13E7494D}.Release|Win32.ActiveCfg = Release|Win32
		{D36C296D-A282-408F-BF41-FB6A13E7494D}.Release|Win32.Build.0 = Release|Win32
		{D36C296D-A282-408F-BF41-FB6A13E7494D}.Release|x64.ActiveCfg = Release|x64
		{D36C296D-A282-408F-BF41-FB6A13E7494D}.Release|x64.Build.0 = Release|x64
		{854837E5-A1D4-4FFB-B565-057AD577E571}.Debug|Mixed Platforms.ActiveCfg = Debug|Win32
		{854837E5-A1D4-4FFB-B565-057AD577E571}.Debug|Mixed Platforms.Build.0 = Debug|Win32
		{854837E5-A1D4-4FFB-B565-057AD577E571}.Debug|Mixed Platforms.Deploy.0 = Debug|Win32
		{854837E5-A1D4-4FFB-B565-057AD577E571}.Debug|Win32.ActiveCfg = Debug|Win32
		{854837E5-A1D4-4FFB-B565-057AD577E571}.Debug|Win32.Build.0 = Debug|Win32
		{854837E5-A1D4-4FFB-B565-057AD577E571}.Debug|Win32.Deploy.0 = Debug|Win32
		{854837E5-A1D4-4FFB-B565-057AD577E571}.Debug|x64.ActiveCfg = Debug|x64
		{854837E5-A1D4-4FFB-B565-057AD577E571}.Debug|x64.Build.0 = Debug|x64
		{854837E5-A1D4-4FFB-B565-057AD577E571}.Release|Mixed Platforms.ActiveCfg = Release|Win32
		{854837E5-A1D4-4FFB-B565-057AD577E571}.Release|Mixed Platforms.Build.0 = Release|Win32
		{854837E5-A1D4-4FFB-B565-057AD577E571}.Release|Mixed Platforms.Deploy.0 = Release|Win32
		{854837E5-A1D4-4FFB-B565-057AD577E571}.Release|Win32.ActiveCfg = Release|Win32
		{854837E5-A1D4-4FFB-B565-057AD577E571}.Release|Win32.Build.0 = Release|Win32
		{854837E5-A1D4-4FFB-B565-057AD577E571}.Release|Win32.Deploy.0 = Release|Win32
		{854837E5-A1D4-4FFB-B565-057AD577E571}.Release|x64.ActiveCfg = Release|x64
		{854837E5-A1D4-4FFB-B565-057AD577E571}.Release|x64.Build.0 = Release|x64
		{4658E774-D7FA-43E6-B02B-6DE76278A91B}.Debug|Mixed Platforms.ActiveCfg = Debug|Win32
		{4658E774-D7FA-43E6-B02B-6DE76278A91B}.Debug|Mixed Platforms.Build.0 = Debug|Win32
		{4658E774-D7FA-43E6-B02B-6DE76278A91B}.Debug|Win32.ActiveCfg = Debug|Win32
		{4658E774-D7FA-43E6-B02B-6DE76278A91B}.Debug|Win32.Build.0 = Debug|Win32
		{4658E774-D7FA-43E6-B02B-6DE76278A91B}.Debug|x64.ActiveCfg = Debug|x64
		{4658E774-D7FA-43E6-B02B-6DE76278A91B}.Debug|x64.Build.0 = Debug|x64
		{4658E774-D7FA-43E6-B02B-6DE76278A91B}.Release|Mixed Platforms.ActiveCfg = Release|Win32
		{4658E774-D7FA-43E6-B02B-6DE76278A91B}.Release|Mixed Platforms.Build.0 = Release|Win32
		{4658E774-D7FA-43E6-B02B-6DE76278A91B}.Release|Win32.ActiveCfg = Release|Win32
		{4658E774-D7FA-43E6-B02B-6DE76278A91B}.Release|Win32.Build.0 = Release|Win32
		{4658E774-D7FA-43E6-B02B-6DE76278A91B}.Release|x64.ActiveCfg = Release|x64
		{4658E774-D7FA-43E6-B02B-6DE76278A91B}.Release|x64.Build.0 = Release|x64
		{4D6DBA65-5CDC-4D3D-866B-9EA407710B1F}.Debug|Mixed Platforms.ActiveCfg = Debug|Win32
		{4D6DBA65-5CDC-4D3D-866B-9EA407710B1F}.Debug|Mixed Platforms.Build.0 = Debug|Win32
		{4D6DBA65-5CDC-4D3D-866B-9EA407710B1F}.Debug|Win32.ActiveCfg = Debug|Win32
		{4D6DBA65-5CDC-4D3D-866B-9EA407710B1F}.Debug|Win32.Build.0 = Debug|Win32
		{4D6DBA65-5CDC-4D3D-866B-9EA407710B1F}.Debug|x64.ActiveCfg = Debug|x64
		{4D6DBA65-5CDC-4D3D-866B-9EA407710B1F}.Debug|x64.Build.0 = Debug|x64
		{4D6DBA65-5CDC-4D3D-866B-9EA407710B1F}.Release|Mixed Platforms.ActiveCfg = Release|Win32
		{4D6DBA65-5CDC-4D3D-866B-9EA407710B1F}.Release|Mixed Platforms.Build.0 = Release|Win32
		{4D6DBA65-5CDC-4D3D-866B-9EA407710B1F}.Release|Win32.ActiveCfg = Release|Win32
		{4D6DBA65-5CDC-4D3D-866B-9EA407710B1F}.Release|Win32.Build.0 = Release|Win32
		{4D6DBA65-5CDC-4D3D-866B-9EA407710B1F}.Release|x64.ActiveCfg = Release|x64
		{4D6DBA65-5CDC-4D3D-866B-9EA407710B1F}.Release|x64.Build.0 = Release|x64
	EndGlobalSection
	GlobalSection(SolutionProperties) = preSolution
		HideSolutionNode = FALSE
	EndGlobalSection
EndGlobal
