
Microsoft Visual Studio Solution File, Format Version 12.00
# Visual Studio 2013
VisualStudioVersion = 12.0.40302.0
MinimumVisualStudioVersion = 10.0.40219.1
Project("{8BC9CEB8-8B4A-11D0-8D11-00A0C91BC942}") = "libkmer", "libkmer\libkmer.vcxproj", "{59E18B69-DF81-46F7-B0E8-EF6301CB5A5C}"
EndProject
Project("{8BC9CEB8-8B4A-11D0-8D11-00A0C91BC942}") = "gassm2", "gassm2\gassm2.vcxproj", "{4CF6E8CD-03CF-4F1C-A3F0-69E2D818CC8D}"
	ProjectSection(ProjectDependencies) = postProject
		{59E18B69-DF81-46F7-B0E8-EF6301CB5A5C} = {59E18B69-DF81-46F7-B0E8-EF6301CB5A5C}
	EndProjectSection
EndProject
Project("{8BC9CEB8-8B4A-11D0-8D11-00A0C91BC942}") = "vcfcmp", "vcfcmp\vcfcmp.vcxproj", "{B5D8F7B7-5896-4EFF-A78E-1CB6ECB5729B}"
EndProject
Project("{8BC9CEB8-8B4A-11D0-8D11-00A0C91BC942}") = "rcorrect", "rcorrect\rcorrect.vcxproj", "{D36C296D-A282-408F-BF41-FB6A13E7494D}"
EndProject
Global
	GlobalSection(SolutionConfigurationPlatforms) = preSolution
		Debug|Win32 = Debug|Win32
		Debug|x64 = Debug|x64
		Enterprise Debug|Win32 = Enterprise Debug|Win32
		Enterprise Debug|x64 = Enterprise Debug|x64
		Enterprise Release|Win32 = Enterprise Release|Win32
		Enterprise Release|x64 = Enterprise Release|x64
		Galileo Debug|Win32 = Galileo Debug|Win32
		Galileo Debug|x64 = Galileo Debug|x64
		Galileo Release|Win32 = Galileo Release|Win32
		Galileo Release|x64 = Galileo Release|x64
		Release|Win32 = Release|Win32
		Release|x64 = Release|x64
		Vista Debug|Win32 = Vista Debug|Win32
		Vista Debug|x64 = Vista Debug|x64
		Vista Release|Win32 = Vista Release|Win32
		Vista Release|x64 = Vista Release|x64
		Win7 Debug|Win32 = Win7 Debug|Win32
		Win7 Debug|x64 = Win7 Debug|x64
		Win7 Release|Win32 = Win7 Release|Win32
		Win7 Release|x64 = Win7 Release|x64
		Win8 Debug|Win32 = Win8 Debug|Win32
		Win8 Debug|x64 = Win8 Debug|x64
		Win8 Release|Win32 = Win8 Release|Win32
		Win8 Release|x64 = Win8 Release|x64
		Win8.1 Debug|Win32 = Win8.1 Debug|Win32
		Win8.1 Debug|x64 = Win8.1 Debug|x64
		Win8.1 Release|Win32 = Win8.1 Release|Win32
		Win8.1 Release|x64 = Win8.1 Release|x64
	EndGlobalSection
	GlobalSection(ProjectConfigurationPlatforms) = postSolution
		{59E18B69-DF81-46F7-B0E8-EF6301CB5A5C}.Debug|Win32.ActiveCfg = Debug|Win32
		{59E18B69-DF81-46F7-B0E8-EF6301CB5A5C}.Debug|Win32.Build.0 = Debug|Win32
		{59E18B69-DF81-46F7-B0E8-EF6301CB5A5C}.Debug|x64.ActiveCfg = Debug|x64
		{59E18B69-DF81-46F7-B0E8-EF6301CB5A5C}.Debug|x64.Build.0 = Debug|x64
		{59E18B69-DF81-46F7-B0E8-EF6301CB5A5C}.Enterprise Debug|Win32.ActiveCfg = Debug|Win32
		{59E18B69-DF81-46F7-B0E8-EF6301CB5A5C}.Enterprise Debug|x64.ActiveCfg = Debug|x64
		{59E18B69-DF81-46F7-B0E8-EF6301CB5A5C}.Enterprise Release|Win32.ActiveCfg = Release|Win32
		{59E18B69-DF81-46F7-B0E8-EF6301CB5A5C}.Enterprise Release|x64.ActiveCfg = Release|x64
		{59E18B69-DF81-46F7-B0E8-EF6301CB5A5C}.Galileo Debug|Win32.ActiveCfg = Debug|Win32
		{59E18B69-DF81-46F7-B0E8-EF6301CB5A5C}.Galileo Debug|x64.ActiveCfg = Debug|x64
		{59E18B69-DF81-46F7-B0E8-EF6301CB5A5C}.Galileo Release|Win32.ActiveCfg = Release|Win32
		{59E18B69-DF81-46F7-B0E8-EF6301CB5A5C}.Galileo Release|x64.ActiveCfg = Release|x64
		{59E18B69-DF81-46F7-B0E8-EF6301CB5A5C}.Release|Win32.ActiveCfg = Release|Win32
		{59E18B69-DF81-46F7-B0E8-EF6301CB5A5C}.Release|Win32.Build.0 = Release|Win32
		{59E18B69-DF81-46F7-B0E8-EF6301CB5A5C}.Release|x64.ActiveCfg = Release|x64
		{59E18B69-DF81-46F7-B0E8-EF6301CB5A5C}.Release|x64.Build.0 = Release|x64
		{59E18B69-DF81-46F7-B0E8-EF6301CB5A5C}.Vista Debug|Win32.ActiveCfg = Debug|Win32
		{59E18B69-DF81-46F7-B0E8-EF6301CB5A5C}.Vista Debug|x64.ActiveCfg = Debug|x64
		{59E18B69-DF81-46F7-B0E8-EF6301CB5A5C}.Vista Release|Win32.ActiveCfg = Release|Win32
		{59E18B69-DF81-46F7-B0E8-EF6301CB5A5C}.Vista Release|x64.ActiveCfg = Release|x64
		{59E18B69-DF81-46F7-B0E8-EF6301CB5A5C}.Win7 Debug|Win32.ActiveCfg = Debug|Win32
		{59E18B69-DF81-46F7-B0E8-EF6301CB5A5C}.Win7 Debug|x64.ActiveCfg = Debug|x64
		{59E18B69-DF81-46F7-B0E8-EF6301CB5A5C}.Win7 Release|Win32.ActiveCfg = Release|Win32
		{59E18B69-DF81-46F7-B0E8-EF6301CB5A5C}.Win7 Release|x64.ActiveCfg = Release|x64
		{59E18B69-DF81-46F7-B0E8-EF6301CB5A5C}.Win8 Debug|Win32.ActiveCfg = Debug|Win32
		{59E18B69-DF81-46F7-B0E8-EF6301CB5A5C}.Win8 Debug|x64.ActiveCfg = Debug|x64
		{59E18B69-DF81-46F7-B0E8-EF6301CB5A5C}.Win8 Release|Win32.ActiveCfg = Release|Win32
		{59E18B69-DF81-46F7-B0E8-EF6301CB5A5C}.Win8 Release|x64.ActiveCfg = Release|x64
		{59E18B69-DF81-46F7-B0E8-EF6301CB5A5C}.Win8.1 Debug|Win32.ActiveCfg = Debug|Win32
		{59E18B69-DF81-46F7-B0E8-EF6301CB5A5C}.Win8.1 Debug|x64.ActiveCfg = Debug|x64
		{59E18B69-DF81-46F7-B0E8-EF6301CB5A5C}.Win8.1 Release|Win32.ActiveCfg = Release|Win32
		{59E18B69-DF81-46F7-B0E8-EF6301CB5A5C}.Win8.1 Release|x64.ActiveCfg = Release|x64
		{4CF6E8CD-03CF-4F1C-A3F0-69E2D818CC8D}.Debug|Win32.ActiveCfg = Debug|Win32
		{4CF6E8CD-03CF-4F1C-A3F0-69E2D818CC8D}.Debug|Win32.Build.0 = Debug|Win32
		{4CF6E8CD-03CF-4F1C-A3F0-69E2D818CC8D}.Debug|x64.ActiveCfg = Debug|x64
		{4CF6E8CD-03CF-4F1C-A3F0-69E2D818CC8D}.Debug|x64.Build.0 = Debug|x64
		{4CF6E8CD-03CF-4F1C-A3F0-69E2D818CC8D}.Enterprise Debug|Win32.ActiveCfg = Debug|Win32
		{4CF6E8CD-03CF-4F1C-A3F0-69E2D818CC8D}.Enterprise Debug|x64.ActiveCfg = Debug|x64
		{4CF6E8CD-03CF-4F1C-A3F0-69E2D818CC8D}.Enterprise Release|Win32.ActiveCfg = Release|Win32
		{4CF6E8CD-03CF-4F1C-A3F0-69E2D818CC8D}.Enterprise Release|x64.ActiveCfg = Release|x64
		{4CF6E8CD-03CF-4F1C-A3F0-69E2D818CC8D}.Galileo Debug|Win32.ActiveCfg = Debug|Win32
		{4CF6E8CD-03CF-4F1C-A3F0-69E2D818CC8D}.Galileo Debug|x64.ActiveCfg = Debug|x64
		{4CF6E8CD-03CF-4F1C-A3F0-69E2D818CC8D}.Galileo Release|Win32.ActiveCfg = Release|Win32
		{4CF6E8CD-03CF-4F1C-A3F0-69E2D818CC8D}.Galileo Release|x64.ActiveCfg = Release|x64
		{4CF6E8CD-03CF-4F1C-A3F0-69E2D818CC8D}.Release|Win32.ActiveCfg = Release|Win32
		{4CF6E8CD-03CF-4F1C-A3F0-69E2D818CC8D}.Release|Win32.Build.0 = Release|Win32
		{4CF6E8CD-03CF-4F1C-A3F0-69E2D818CC8D}.Release|x64.ActiveCfg = Release|x64
		{4CF6E8CD-03CF-4F1C-A3F0-69E2D818CC8D}.Release|x64.Build.0 = Release|x64
		{4CF6E8CD-03CF-4F1C-A3F0-69E2D818CC8D}.Vista Debug|Win32.ActiveCfg = Debug|Win32
		{4CF6E8CD-03CF-4F1C-A3F0-69E2D818CC8D}.Vista Debug|x64.ActiveCfg = Debug|x64
		{4CF6E8CD-03CF-4F1C-A3F0-69E2D818CC8D}.Vista Release|Win32.ActiveCfg = Release|Win32
		{4CF6E8CD-03CF-4F1C-A3F0-69E2D818CC8D}.Vista Release|x64.ActiveCfg = Release|x64
		{4CF6E8CD-03CF-4F1C-A3F0-69E2D818CC8D}.Win7 Debug|Win32.ActiveCfg = Debug|Win32
		{4CF6E8CD-03CF-4F1C-A3F0-69E2D818CC8D}.Win7 Debug|x64.ActiveCfg = Debug|x64
		{4CF6E8CD-03CF-4F1C-A3F0-69E2D818CC8D}.Win7 Release|Win32.ActiveCfg = Release|Win32
		{4CF6E8CD-03CF-4F1C-A3F0-69E2D818CC8D}.Win7 Release|x64.ActiveCfg = Release|x64
		{4CF6E8CD-03CF-4F1C-A3F0-69E2D818CC8D}.Win8 Debug|Win32.ActiveCfg = Debug|Win32
		{4CF6E8CD-03CF-4F1C-A3F0-69E2D818CC8D}.Win8 Debug|x64.ActiveCfg = Debug|x64
		{4CF6E8CD-03CF-4F1C-A3F0-69E2D818CC8D}.Win8 Release|Win32.ActiveCfg = Release|Win32
		{4CF6E8CD-03CF-4F1C-A3F0-69E2D818CC8D}.Win8 Release|x64.ActiveCfg = Release|x64
		{4CF6E8CD-03CF-4F1C-A3F0-69E2D818CC8D}.Win8.1 Debug|Win32.ActiveCfg = Debug|Win32
		{4CF6E8CD-03CF-4F1C-A3F0-69E2D818CC8D}.Win8.1 Debug|x64.ActiveCfg = Debug|x64
		{4CF6E8CD-03CF-4F1C-A3F0-69E2D818CC8D}.Win8.1 Release|Win32.ActiveCfg = Release|Win32
		{4CF6E8CD-03CF-4F1C-A3F0-69E2D818CC8D}.Win8.1 Release|x64.ActiveCfg = Release|x64
		{B5D8F7B7-5896-4EFF-A78E-1CB6ECB5729B}.Debug|Win32.ActiveCfg = Debug|Win32
		{B5D8F7B7-5896-4EFF-A78E-1CB6ECB5729B}.Debug|Win32.Build.0 = Debug|Win32
		{B5D8F7B7-5896-4EFF-A78E-1CB6ECB5729B}.Debug|x64.ActiveCfg = Debug|x64
		{B5D8F7B7-5896-4EFF-A78E-1CB6ECB5729B}.Debug|x64.Build.0 = Debug|x64
		{B5D8F7B7-5896-4EFF-A78E-1CB6ECB5729B}.Enterprise Debug|Win32.ActiveCfg = Debug|Win32
		{B5D8F7B7-5896-4EFF-A78E-1CB6ECB5729B}.Enterprise Debug|Win32.Build.0 = Debug|Win32
		{B5D8F7B7-5896-4EFF-A78E-1CB6ECB5729B}.Enterprise Debug|x64.ActiveCfg = Debug|Win32
		{B5D8F7B7-5896-4EFF-A78E-1CB6ECB5729B}.Enterprise Release|Win32.ActiveCfg = Release|Win32
		{B5D8F7B7-5896-4EFF-A78E-1CB6ECB5729B}.Enterprise Release|Win32.Build.0 = Release|Win32
		{B5D8F7B7-5896-4EFF-A78E-1CB6ECB5729B}.Enterprise Release|x64.ActiveCfg = Release|Win32
		{B5D8F7B7-5896-4EFF-A78E-1CB6ECB5729B}.Galileo Debug|Win32.ActiveCfg = Debug|Win32
		{B5D8F7B7-5896-4EFF-A78E-1CB6ECB5729B}.Galileo Debug|Win32.Build.0 = Debug|Win32
		{B5D8F7B7-5896-4EFF-A78E-1CB6ECB5729B}.Galileo Debug|x64.ActiveCfg = Debug|Win32
		{B5D8F7B7-5896-4EFF-A78E-1CB6ECB5729B}.Galileo Release|Win32.ActiveCfg = Release|Win32
		{B5D8F7B7-5896-4EFF-A78E-1CB6ECB5729B}.Galileo Release|Win32.Build.0 = Release|Win32
		{B5D8F7B7-5896-4EFF-A78E-1CB6ECB5729B}.Galileo Release|x64.ActiveCfg = Release|Win32
		{B5D8F7B7-5896-4EFF-A78E-1CB6ECB5729B}.Release|Win32.ActiveCfg = Release|Win32
		{B5D8F7B7-5896-4EFF-A78E-1CB6ECB5729B}.Release|Win32.Build.0 = Release|Win32
		{B5D8F7B7-5896-4EFF-A78E-1CB6ECB5729B}.Release|x64.ActiveCfg = Release|x64
		{B5D8F7B7-5896-4EFF-A78E-1CB6ECB5729B}.Release|x64.Build.0 = Release|x64
		{B5D8F7B7-5896-4EFF-A78E-1CB6ECB5729B}.Vista Debug|Win32.ActiveCfg = Debug|Win32
		{B5D8F7B7-5896-4EFF-A78E-1CB6ECB5729B}.Vista Debug|Win32.Build.0 = Debug|Win32
		{B5D8F7B7-5896-4EFF-A78E-1CB6ECB5729B}.Vista Debug|x64.ActiveCfg = Debug|Win32
		{B5D8F7B7-5896-4EFF-A78E-1CB6ECB5729B}.Vista Release|Win32.ActiveCfg = Release|Win32
		{B5D8F7B7-5896-4EFF-A78E-1CB6ECB5729B}.Vista Release|Win32.Build.0 = Release|Win32
		{B5D8F7B7-5896-4EFF-A78E-1CB6ECB5729B}.Vista Release|x64.ActiveCfg = Release|Win32
		{B5D8F7B7-5896-4EFF-A78E-1CB6ECB5729B}.Win7 Debug|Win32.ActiveCfg = Debug|Win32
		{B5D8F7B7-5896-4EFF-A78E-1CB6ECB5729B}.Win7 Debug|Win32.Build.0 = Debug|Win32
		{B5D8F7B7-5896-4EFF-A78E-1CB6ECB5729B}.Win7 Debug|x64.ActiveCfg = Debug|Win32
		{B5D8F7B7-5896-4EFF-A78E-1CB6ECB5729B}.Win7 Release|Win32.ActiveCfg = Release|Win32
		{B5D8F7B7-5896-4EFF-A78E-1CB6ECB5729B}.Win7 Release|Win32.Build.0 = Release|Win32
		{B5D8F7B7-5896-4EFF-A78E-1CB6ECB5729B}.Win7 Release|x64.ActiveCfg = Release|Win32
		{B5D8F7B7-5896-4EFF-A78E-1CB6ECB5729B}.Win8 Debug|Win32.ActiveCfg = Debug|Win32
		{B5D8F7B7-5896-4EFF-A78E-1CB6ECB5729B}.Win8 Debug|Win32.Build.0 = Debug|Win32
		{B5D8F7B7-5896-4EFF-A78E-1CB6ECB5729B}.Win8 Debug|x64.ActiveCfg = Debug|Win32
		{B5D8F7B7-5896-4EFF-A78E-1CB6ECB5729B}.Win8 Release|Win32.ActiveCfg = Release|Win32
		{B5D8F7B7-5896-4EFF-A78E-1CB6ECB5729B}.Win8 Release|Win32.Build.0 = Release|Win32
		{B5D8F7B7-5896-4EFF-A78E-1CB6ECB5729B}.Win8 Release|x64.ActiveCfg = Release|Win32
		{B5D8F7B7-5896-4EFF-A78E-1CB6ECB5729B}.Win8.1 Debug|Win32.ActiveCfg = Debug|Win32
		{B5D8F7B7-5896-4EFF-A78E-1CB6ECB5729B}.Win8.1 Debug|Win32.Build.0 = Debug|Win32
		{B5D8F7B7-5896-4EFF-A78E-1CB6ECB5729B}.Win8.1 Debug|x64.ActiveCfg = Debug|Win32
		{B5D8F7B7-5896-4EFF-A78E-1CB6ECB5729B}.Win8.1 Release|Win32.ActiveCfg = Release|Win32
		{B5D8F7B7-5896-4EFF-A78E-1CB6ECB5729B}.Win8.1 Release|Win32.Build.0 = Release|Win32
		{B5D8F7B7-5896-4EFF-A78E-1CB6ECB5729B}.Win8.1 Release|x64.ActiveCfg = Release|Win32
		{D36C296D-A282-408F-BF41-FB6A13E7494D}.Debug|Win32.ActiveCfg = Debug|Win32
		{D36C296D-A282-408F-BF41-FB6A13E7494D}.Debug|Win32.Build.0 = Debug|Win32
		{D36C296D-A282-408F-BF41-FB6A13E7494D}.Debug|x64.ActiveCfg = Debug|x64
		{D36C296D-A282-408F-BF41-FB6A13E7494D}.Debug|x64.Build.0 = Debug|x64
		{D36C296D-A282-408F-BF41-FB6A13E7494D}.Enterprise Debug|Win32.ActiveCfg = Debug|Win32
		{D36C296D-A282-408F-BF41-FB6A13E7494D}.Enterprise Debug|Win32.Build.0 = Debug|Win32
		{D36C296D-A282-408F-BF41-FB6A13E7494D}.Enterprise Debug|x64.ActiveCfg = Debug|Win32
		{D36C296D-A282-408F-BF41-FB6A13E7494D}.Enterprise Release|Win32.ActiveCfg = Release|Win32
		{D36C296D-A282-408F-BF41-FB6A13E7494D}.Enterprise Release|Win32.Build.0 = Release|Win32
		{D36C296D-A282-408F-BF41-FB6A13E7494D}.Enterprise Release|x64.ActiveCfg = Release|Win32
		{D36C296D-A282-408F-BF41-FB6A13E7494D}.Galileo Debug|Win32.ActiveCfg = Debug|Win32
		{D36C296D-A282-408F-BF41-FB6A13E7494D}.Galileo Debug|Win32.Build.0 = Debug|Win32
		{D36C296D-A282-408F-BF41-FB6A13E7494D}.Galileo Debug|x64.ActiveCfg = Debug|Win32
		{D36C296D-A282-408F-BF41-FB6A13E7494D}.Galileo Release|Win32.ActiveCfg = Release|Win32
		{D36C296D-A282-408F-BF41-FB6A13E7494D}.Galileo Release|Win32.Build.0 = Release|Win32
		{D36C296D-A282-408F-BF41-FB6A13E7494D}.Galileo Release|x64.ActiveCfg = Release|Win32
		{D36C296D-A282-408F-BF41-FB6A13E7494D}.Release|Win32.ActiveCfg = Release|Win32
		{D36C296D-A282-408F-BF41-FB6A13E7494D}.Release|Win32.Build.0 = Release|Win32
		{D36C296D-A282-408F-BF41-FB6A13E7494D}.Release|x64.ActiveCfg = Release|x64
		{D36C296D-A282-408F-BF41-FB6A13E7494D}.Release|x64.Build.0 = Release|x64
		{D36C296D-A282-408F-BF41-FB6A13E7494D}.Vista Debug|Win32.ActiveCfg = Debug|Win32
		{D36C296D-A282-408F-BF41-FB6A13E7494D}.Vista Debug|Win32.Build.0 = Debug|Win32
		{D36C296D-A282-408F-BF41-FB6A13E7494D}.Vista Debug|x64.ActiveCfg = Debug|Win32
		{D36C296D-A282-408F-BF41-FB6A13E7494D}.Vista Release|Win32.ActiveCfg = Release|Win32
		{D36C296D-A282-408F-BF41-FB6A13E7494D}.Vista Release|Win32.Build.0 = Release|Win32
		{D36C296D-A282-408F-BF41-FB6A13E7494D}.Vista Release|x64.ActiveCfg = Release|Win32
		{D36C296D-A282-408F-BF41-FB6A13E7494D}.Win7 Debug|Win32.ActiveCfg = Debug|Win32
		{D36C296D-A282-408F-BF41-FB6A13E7494D}.Win7 Debug|Win32.Build.0 = Debug|Win32
		{D36C296D-A282-408F-BF41-FB6A13E7494D}.Win7 Debug|x64.ActiveCfg = Debug|Win32
		{D36C296D-A282-408F-BF41-FB6A13E7494D}.Win7 Release|Win32.ActiveCfg = Release|Win32
		{D36C296D-A282-408F-BF41-FB6A13E7494D}.Win7 Release|Win32.Build.0 = Release|Win32
		{D36C296D-A282-408F-BF41-FB6A13E7494D}.Win7 Release|x64.ActiveCfg = Release|Win32
		{D36C296D-A282-408F-BF41-FB6A13E7494D}.Win8 Debug|Win32.ActiveCfg = Debug|Win32
		{D36C296D-A282-408F-BF41-FB6A13E7494D}.Win8 Debug|Win32.Build.0 = Debug|Win32
		{D36C296D-A282-408F-BF41-FB6A13E7494D}.Win8 Debug|x64.ActiveCfg = Debug|Win32
		{D36C296D-A282-408F-BF41-FB6A13E7494D}.Win8 Release|Win32.ActiveCfg = Release|Win32
		{D36C296D-A282-408F-BF41-FB6A13E7494D}.Win8 Release|Win32.Build.0 = Release|Win32
		{D36C296D-A282-408F-BF41-FB6A13E7494D}.Win8 Release|x64.ActiveCfg = Release|Win32
		{D36C296D-A282-408F-BF41-FB6A13E7494D}.Win8.1 Debug|Win32.ActiveCfg = Debug|Win32
		{D36C296D-A282-408F-BF41-FB6A13E7494D}.Win8.1 Debug|Win32.Build.0 = Debug|Win32
		{D36C296D-A282-408F-BF41-FB6A13E7494D}.Win8.1 Debug|x64.ActiveCfg = Debug|Win32
		{D36C296D-A282-408F-BF41-FB6A13E7494D}.Win8.1 Release|Win32.ActiveCfg = Release|Win32
		{D36C296D-A282-408F-BF41-FB6A13E7494D}.Win8.1 Release|Win32.Build.0 = Release|Win32
		{D36C296D-A282-408F-BF41-FB6A13E7494D}.Win8.1 Release|x64.ActiveCfg = Release|Win32
	EndGlobalSection
	GlobalSection(SolutionProperties) = preSolution
		HideSolutionNode = FALSE
	EndGlobalSection
EndGlobal
