
Microsoft Visual Studio Solution File, Format Version 12.00
# Visual Studio 2013
VisualStudioVersion = 12.0.40302.0
MinimumVisualStudioVersion = 10.0.40219.1
Project("{8BC9CEB8-8B4A-11D0-8D11-00A0C91BC942}") = "gengen", "gengen\gengen.vcxproj", "{97077DA9-D3EF-4953-ACD2-B07FB4C5D14F}"
EndProject
Project("{8BC9CEB8-8B4A-11D0-8D11-00A0C91BC942}") = "libkmer", "libkmer\libkmer.vcxproj", "{59E18B69-DF81-46F7-B0E8-EF6301CB5A5C}"
EndProject
Project("{8BC9CEB8-8B4A-11D0-8D11-00A0C91BC942}") = "kgraph", "kgraph\kgraph.vcxproj", "{DD15D856-4EBD-4F7F-865A-468937E94E88}"
	ProjectSection(ProjectDependencies) = postProject
		{59E18B69-DF81-46F7-B0E8-EF6301CB5A5C} = {59E18B69-DF81-46F7-B0E8-EF6301CB5A5C}
	EndProjectSection
EndProject
Project("{8BC9CEB8-8B4A-11D0-8D11-00A0C91BC942}") = "gassm2", "gassm2\gassm2.vcxproj", "{4CF6E8CD-03CF-4F1C-A3F0-69E2D818CC8D}"
	ProjectSection(ProjectDependencies) = postProject
		{59E18B69-DF81-46F7-B0E8-EF6301CB5A5C} = {59E18B69-DF81-46F7-B0E8-EF6301CB5A5C}
	EndProjectSection
EndProject
Global
	GlobalSection(SolutionConfigurationPlatforms) = preSolution
		Debug|Mixed Platforms = Debug|Mixed Platforms
		Debug|Win32 = Debug|Win32
		Debug|x64 = Debug|x64
		Release|Mixed Platforms = Release|Mixed Platforms
		Release|Win32 = Release|Win32
		Release|x64 = Release|x64
	EndGlobalSection
	GlobalSection(ProjectConfigurationPlatforms) = postSolution
		{97077DA9-D3EF-4953-ACD2-B07FB4C5D14F}.Debug|Mixed Platforms.ActiveCfg = Debug|Win32
		{97077DA9-D3EF-4953-ACD2-B07FB4C5D14F}.Debug|Mixed Platforms.Build.0 = Debug|Win32
		{97077DA9-D3EF-4953-ACD2-B07FB4C5D14F}.Debug|Win32.ActiveCfg = Debug|Win32
		{97077DA9-D3EF-4953-ACD2-B07FB4C5D14F}.Debug|Win32.Build.0 = Debug|Win32
		{97077DA9-D3EF-4953-ACD2-B07FB4C5D14F}.Debug|x64.ActiveCfg = Debug|x64
		{97077DA9-D3EF-4953-ACD2-B07FB4C5D14F}.Debug|x64.Build.0 = Debug|x64
		{97077DA9-D3EF-4953-ACD2-B07FB4C5D14F}.Release|Mixed Platforms.ActiveCfg = Release|Win32
		{97077DA9-D3EF-4953-ACD2-B07FB4C5D14F}.Release|Mixed Platforms.Build.0 = Release|Win32
		{97077DA9-D3EF-4953-ACD2-B07FB4C5D14F}.Release|Win32.ActiveCfg = Release|Win32
		{97077DA9-D3EF-4953-ACD2-B07FB4C5D14F}.Release|Win32.Build.0 = Release|Win32
		{97077DA9-D3EF-4953-ACD2-B07FB4C5D14F}.Release|x64.ActiveCfg = Release|x64
		{97077DA9-D3EF-4953-ACD2-B07FB4C5D14F}.Release|x64.Build.0 = Release|x64
		{59E18B69-DF81-46F7-B0E8-EF6301CB5A5C}.Debug|Mixed Platforms.ActiveCfg = Debug|Win32
		{59E18B69-DF81-46F7-B0E8-EF6301CB5A5C}.Debug|Mixed Platforms.Build.0 = Debug|Win32
		{59E18B69-DF81-46F7-B0E8-EF6301CB5A5C}.Debug|Win32.ActiveCfg = Debug|Win32
		{59E18B69-DF81-46F7-B0E8-EF6301CB5A5C}.Debug|Win32.Build.0 = Debug|Win32
		{59E18B69-DF81-46F7-B0E8-EF6301CB5A5C}.Debug|x64.ActiveCfg = Debug|x64
		{59E18B69-DF81-46F7-B0E8-EF6301CB5A5C}.Debug|x64.Build.0 = Debug|x64
		{59E18B69-DF81-46F7-B0E8-EF6301CB5A5C}.Release|Mixed Platforms.ActiveCfg = Release|Win32
		{59E18B69-DF81-46F7-B0E8-EF6301CB5A5C}.Release|Mixed Platforms.Build.0 = Release|Win32
		{59E18B69-DF81-46F7-B0E8-EF6301CB5A5C}.Release|Win32.ActiveCfg = Release|Win32
		{59E18B69-DF81-46F7-B0E8-EF6301CB5A5C}.Release|Win32.Build.0 = Release|Win32
		{59E18B69-DF81-46F7-B0E8-EF6301CB5A5C}.Release|x64.ActiveCfg = Release|x64
		{59E18B69-DF81-46F7-B0E8-EF6301CB5A5C}.Release|x64.Build.0 = Release|x64
		{DD15D856-4EBD-4F7F-865A-468937E94E88}.Debug|Mixed Platforms.ActiveCfg = Debug|Win32
		{DD15D856-4EBD-4F7F-865A-468937E94E88}.Debug|Mixed Platforms.Build.0 = Debug|Win32
		{DD15D856-4EBD-4F7F-865A-468937E94E88}.Debug|Win32.ActiveCfg = Debug|Win32
		{DD15D856-4EBD-4F7F-865A-468937E94E88}.Debug|Win32.Build.0 = Debug|Win32
		{DD15D856-4EBD-4F7F-865A-468937E94E88}.Debug|x64.ActiveCfg = Debug|x64
		{DD15D856-4EBD-4F7F-865A-468937E94E88}.Debug|x64.Build.0 = Debug|x64
		{DD15D856-4EBD-4F7F-865A-468937E94E88}.Release|Mixed Platforms.ActiveCfg = Release|Win32
		{DD15D856-4EBD-4F7F-865A-468937E94E88}.Release|Mixed Platforms.Build.0 = Release|Win32
		{DD15D856-4EBD-4F7F-865A-468937E94E88}.Release|Win32.ActiveCfg = Release|Win32
		{DD15D856-4EBD-4F7F-865A-468937E94E88}.Release|Win32.Build.0 = Release|Win32
		{DD15D856-4EBD-4F7F-865A-468937E94E88}.Release|x64.ActiveCfg = Release|x64
		{DD15D856-4EBD-4F7F-865A-468937E94E88}.Release|x64.Build.0 = Release|x64
		{4CF6E8CD-03CF-4F1C-A3F0-69E2D818CC8D}.Debug|Mixed Platforms.ActiveCfg = Debug|Win32
		{4CF6E8CD-03CF-4F1C-A3F0-69E2D818CC8D}.Debug|Mixed Platforms.Build.0 = Debug|Win32
		{4CF6E8CD-03CF-4F1C-A3F0-69E2D818CC8D}.Debug|Win32.ActiveCfg = Debug|Win32
		{4CF6E8CD-03CF-4F1C-A3F0-69E2D818CC8D}.Debug|Win32.Build.0 = Debug|Win32
		{4CF6E8CD-03CF-4F1C-A3F0-69E2D818CC8D}.Debug|x64.ActiveCfg = Debug|x64
		{4CF6E8CD-03CF-4F1C-A3F0-69E2D818CC8D}.Debug|x64.Build.0 = Debug|x64
		{4CF6E8CD-03CF-4F1C-A3F0-69E2D818CC8D}.Release|Mixed Platforms.ActiveCfg = Release|Win32
		{4CF6E8CD-03CF-4F1C-A3F0-69E2D818CC8D}.Release|Mixed Platforms.Build.0 = Release|Win32
		{4CF6E8CD-03CF-4F1C-A3F0-69E2D818CC8D}.Release|Win32.ActiveCfg = Release|Win32
		{4CF6E8CD-03CF-4F1C-A3F0-69E2D818CC8D}.Release|Win32.Build.0 = Release|Win32
		{4CF6E8CD-03CF-4F1C-A3F0-69E2D818CC8D}.Release|x64.ActiveCfg = Release|x64
		{4CF6E8CD-03CF-4F1C-A3F0-69E2D818CC8D}.Release|x64.Build.0 = Release|x64
	EndGlobalSection
	GlobalSection(SolutionProperties) = preSolution
		HideSolutionNode = FALSE
	EndGlobalSection
EndGlobal
