<?xml version="1.0" encoding="UTF-8" standalone="yes" ?>
<CodeBlocks_project_file>
	<FileVersion major="1" minor="6" />
	<Project>
		<Option title="gassm" />
		<Option pch_mode="2" />
		<Option compiler="gcc" />
		<Build>
			<Target title="Debug">
				<Option output="bin/Debug/gassm" prefix_auto="1" extension_auto="1" />
				<Option object_output="tmp/gassm/Debug/" />
				<Option type="1" />
				<Option compiler="gcc" />
				<Compiler>
					<Add option="-g" />
				</Compiler>
			</Target>
			<Target title="Release">
				<Option output="bin/Release/gassm" prefix_auto="1" extension_auto="1" />
				<Option object_output="obj/gassm/Release/" />
				<Option type="1" />
				<Option compiler="gcc" />
				<Compiler>
					<Add option="-O2" />
				</Compiler>
				<Linker>
					<Add option="-s" />
				</Linker>
			</Target>
		</Build>
		<Compiler>
			<Add option="-Wfatal-errors" />
			<Add option="-Wall" />
		</Compiler>
		<Unit filename="../shared/err.h" />
		<Unit filename="../shared/options.c">
			<Option compilerVar="CC" />
		</Unit>
		<Unit filename="../shared/options.h" />
		<Unit filename="../shared/utils.c">
			<Option compilerVar="CC" />
		</Unit>
		<Unit filename="../shared/utils.h" />
		<Unit filename="assembly.c">
			<Option compilerVar="CC" />
		</Unit>
		<Unit filename="assembly.h" />
		<Unit filename="gassm.c">
			<Option compilerVar="CC" />
		</Unit>
		<Unit filename="gassm.h" />
		<Unit filename="input-file.c">
			<Option compilerVar="CC" />
		</Unit>
		<Unit filename="input-file.h" />
		<Unit filename="kmer-edge.c">
			<Option compilerVar="CC" />
		</Unit>
		<Unit filename="kmer-edge.h" />
		<Unit filename="kmer-graph.c">
			<Option compilerVar="CC" />
		</Unit>
		<Unit filename="kmer-graph.h" />
		<Unit filename="kmer-table.c">
			<Option compilerVar="CC" />
		</Unit>
		<Unit filename="kmer-table.h" />
		<Unit filename="kmer.c">
			<Option compilerVar="CC" />
		</Unit>
		<Unit filename="kmer.h" />
		<Unit filename="main.c">
			<Option compilerVar="CC" />
		</Unit>
		<Extensions>
			<code_completion />
			<debugger />
		</Extensions>
	</Project>
</CodeBlocks_project_file>
